{
  "version": 4,
  "terraform_version": "1.0.7",
  "serial": 4,
  "lineage": "48845f91-ca81-b639-50d5-a20658866fb7",
  "outputs": {},
  "resources": [
    {
      "mode": "managed",
      "type": "azurerm_kubernetes_cluster_node_pool",
      "name": "user_pool",
      "provider": "provider[\"registry.terraform.io/hashicorp/azurerm\"]",
      "instances": []
    },
    {
      "mode": "managed",
      "type": "azurerm_resource_group",
      "name": "aks_rg",
      "provider": "provider[\"registry.terraform.io/hashicorp/azurerm\"]",
      "instances": [
        {
          "schema_version": 0,
          "attributes": {
            "id": "/subscriptions/17085bdd-104c-4334-8551-ec8404a29410/resourceGroups/myAksResourceGroup",
            "location": "eastus2",
            "managed_by": "",
            "name": "myAksResourceGroup",
            "tags": null,
            "timeouts": null
          },
          "sensitive_attributes": [],
          "private": "eyJlMmJmYjczMC1lY2FhLTExZTYtOGY4OC0zNDM2M2JjN2M0YzAiOnsiY3JlYXRlIjo1NDAwMDAwMDAwMDAwLCJkZWxldGUiOjU0MDAwMDAwMDAwMDAsInJlYWQiOjMwMDAwMDAwMDAwMCwidXBkYXRlIjo1NDAwMDAwMDAwMDAwfX0="
        }
      ]
    }
  ]
}
